
Microsoft Visual Studio Solution File, Format Version 12.00
# Visual Studio Version 17
VisualStudioVersion = 17.2.32526.322
MinimumVisualStudioVersion = 10.0.40219.1
Project("{9A19103F-16F7-4668-BE54-9A1E7A4F7556}") = "FridgeAPI", "FridgeAPI\FridgeAPI.csproj", "{32BFFE30-3450-4099-A499-DAA798F804A3}"
EndProject
Project("{FAE04EC0-301F-11D3-BF4B-00C04F79EFBC}") = "Contracts", "Contracts\Contracts.csproj", "{A09ADF42-AD53-40D3-99A3-68068C5DF4D5}"
EndProject
Project("{FAE04EC0-301F-11D3-BF4B-00C04F79EFBC}") = "LoggerService", "LoggerService\LoggerService.csproj", "{50181DDF-B8A6-4D23-B9F6-509BF2344AF8}"
EndProject
Global
	GlobalSection(SolutionConfigurationPlatforms) = preSolution
		Debug|Any CPU = Debug|Any CPU
		Release|Any CPU = Release|Any CPU
	EndGlobalSection
	GlobalSection(ProjectConfigurationPlatforms) = postSolution
		{32BFFE30-3450-4099-A499-DAA798F804A3}.Debug|Any CPU.ActiveCfg = Debug|Any CPU
		{32BFFE30-3450-4099-A499-DAA798F804A3}.Debug|Any CPU.Build.0 = Debug|Any CPU
		{32BFFE30-3450-4099-A499-DAA798F804A3}.Release|Any CPU.ActiveCfg = Release|Any CPU
		{32BFFE30-3450-4099-A499-DAA798F804A3}.Release|Any CPU.Build.0 = Release|Any CPU
		{A09ADF42-AD53-40D3-99A3-68068C5DF4D5}.Debug|Any CPU.ActiveCfg = Debug|Any CPU
		{A09ADF42-AD53-40D3-99A3-68068C5DF4D5}.Debug|Any CPU.Build.0 = Debug|Any CPU
		{A09ADF42-AD53-40D3-99A3-68068C5DF4D5}.Release|Any CPU.ActiveCfg = Release|Any CPU
		{A09ADF42-AD53-40D3-99A3-68068C5DF4D5}.Release|Any CPU.Build.0 = Release|Any CPU
		{50181DDF-B8A6-4D23-B9F6-509BF2344AF8}.Debug|Any CPU.ActiveCfg = Debug|Any CPU
		{50181DDF-B8A6-4D23-B9F6-509BF2344AF8}.Debug|Any CPU.Build.0 = Debug|Any CPU
		{50181DDF-B8A6-4D23-B9F6-509BF2344AF8}.Release|Any CPU.ActiveCfg = Release|Any CPU
		{50181DDF-B8A6-4D23-B9F6-509BF2344AF8}.Release|Any CPU.Build.0 = Release|Any CPU
	EndGlobalSection
	GlobalSection(SolutionProperties) = preSolution
		HideSolutionNode = FALSE
	EndGlobalSection
	GlobalSection(ExtensibilityGlobals) = postSolution
		SolutionGuid = {86C1D656-7909-4E1F-BD0E-C79DFE88635E}
	EndGlobalSection
EndGlobal
